
Microsoft Visual Studio Solution File, Format Version 12.00
# Visual Studio Version 17
VisualStudioVersion = 17.14.36408.4
MinimumVisualStudioVersion = 10.0.40219.1
Project("{FAE04EC0-301F-11D3-BF4B-00C04F79EFBC}") = "GymTrainerGuide.Api", "GymTrainerGuide.Api\GymTrainerGuide.Api.csproj", "{BD3EDAC4-0C4E-44EB-9827-0F04539366A7}"
EndProject
Project("{FAE04EC0-301F-11D3-BF4B-00C04F79EFBC}") = "GymTrainerGuide.Shared", "GymTrainerGuide.Shared\GymTrainerGuide.Shared.csproj", "{589F82DE-137F-41D7-8AF6-32B672F2D18F}"
EndProject
Project("{FAE04EC0-301F-11D3-BF4B-00C04F79EFBC}") = "GymTrainerGuide.Web.", "GymTrainerGuide.Web\GymTrainerGuide.Web..csproj", "{720354C6-2F3D-4337-AD47-370DE1E2E9C3}"
EndProject
Global
	GlobalSection(SolutionConfigurationPlatforms) = preSolution
		Debug|Any CPU = Debug|Any CPU
		Release|Any CPU = Release|Any CPU
	EndGlobalSection
	GlobalSection(ProjectConfigurationPlatforms) = postSolution
		{BD3EDAC4-0C4E-44EB-9827-0F04539366A7}.Debug|Any CPU.ActiveCfg = Debug|Any CPU
		{BD3EDAC4-0C4E-44EB-9827-0F04539366A7}.Debug|Any CPU.Build.0 = Debug|Any CPU
		{BD3EDAC4-0C4E-44EB-9827-0F04539366A7}.Release|Any CPU.ActiveCfg = Release|Any CPU
		{BD3EDAC4-0C4E-44EB-9827-0F04539366A7}.Release|Any CPU.Build.0 = Release|Any CPU
		{589F82DE-137F-41D7-8AF6-32B672F2D18F}.Debug|Any CPU.ActiveCfg = Debug|Any CPU
		{589F82DE-137F-41D7-8AF6-32B672F2D18F}.Debug|Any CPU.Build.0 = Debug|Any CPU
		{589F82DE-137F-41D7-8AF6-32B672F2D18F}.Release|Any CPU.ActiveCfg = Release|Any CPU
		{589F82DE-137F-41D7-8AF6-32B672F2D18F}.Release|Any CPU.Build.0 = Release|Any CPU
		{720354C6-2F3D-4337-AD47-370DE1E2E9C3}.Debug|Any CPU.ActiveCfg = Debug|Any CPU
		{720354C6-2F3D-4337-AD47-370DE1E2E9C3}.Debug|Any CPU.Build.0 = Debug|Any CPU
		{720354C6-2F3D-4337-AD47-370DE1E2E9C3}.Release|Any CPU.ActiveCfg = Release|Any CPU
		{720354C6-2F3D-4337-AD47-370DE1E2E9C3}.Release|Any CPU.Build.0 = Release|Any CPU
	EndGlobalSection
	GlobalSection(SolutionProperties) = preSolution
		HideSolutionNode = FALSE
	EndGlobalSection
	GlobalSection(ExtensibilityGlobals) = postSolution
		SolutionGuid = {EAE7DB96-C59E-4B70-9FDB-BFA05B3A2B22}
	EndGlobalSection
EndGlobal
